
Microsoft Visual Studio Solution File, Format Version 12.00
# Visual Studio Version 16
VisualStudioVersion = 16.0.29403.142
MinimumVisualStudioVersion = 10.0.40219.1
Project("{FAE04EC0-301F-11D3-BF4B-00C04F79EFBC}") = "http2sample", "http2sample\http2sample.csproj", "{4BDFE716-6E4E-4F42-866B-C867DAA8A9C6}"
EndProject
Global
	GlobalSection(SolutionConfigurationPlatforms) = preSolution
		Debug|Any CPU = Debug|Any CPU
		Release|Any CPU = Release|Any CPU
	EndGlobalSection
	GlobalSection(ProjectConfigurationPlatforms) = postSolution
		{4BDFE716-6E4E-4F42-866B-C867DAA8A9C6}.Debug|Any CPU.ActiveCfg = Debug|Any CPU
		{4BDFE716-6E4E-4F42-866B-C867DAA8A9C6}.Debug|Any CPU.Build.0 = Debug|Any CPU
		{4BDFE716-6E4E-4F42-866B-C867DAA8A9C6}.Release|Any CPU.ActiveCfg = Release|Any CPU
		{4BDFE716-6E4E-4F42-866B-C867DAA8A9C6}.Release|Any CPU.Build.0 = Release|Any CPU
	EndGlobalSection
	GlobalSection(SolutionProperties) = preSolution
		HideSolutionNode = FALSE
	EndGlobalSection
	GlobalSection(ExtensibilityGlobals) = postSolution
		SolutionGuid = {C8892E87-8243-4BFF-9E7E-00397F4CA523}
	EndGlobalSection
EndGlobal
